
Microsoft Visual Studio Solution File, Format Version 12.00
# Visual Studio Version 17
VisualStudioVersion = 17.0.31903.59
MinimumVisualStudioVersion = 10.0.40219.1
Project("{FAE04EC0-301F-11D3-BF4B-00C04F79EFBC}") = "auth", "auth\auth.csproj", "{D3958487-6F00-4198-B950-CB59499EB51E}"
EndProject
Project("{FAE04EC0-301F-11D3-BF4B-00C04F79EFBC}") = "get.loans", "get.loans\get.loans.csproj", "{2A7BD05E-97C9-462B-8005-24C63D8593FD}"
EndProject
Project("{FAE04EC0-301F-11D3-BF4B-00C04F79EFBC}") = "repayments", "repayments\repayments.csproj", "{14095BF2-891A-4CDB-BE13-CCAF3CF78CE5}"
EndProject
Project("{FAE04EC0-301F-11D3-BF4B-00C04F79EFBC}") = "loan.draft", "loan.draft\loan.draft.csproj", "{7E746C1F-5E24-4B76-B83F-E71B3B5ED4F6}"
EndProject
Project("{FAE04EC0-301F-11D3-BF4B-00C04F79EFBC}") = "journal", "journal\journal.csproj", "{B89EC00B-2B23-45E2-AF9F-D78B65157BEB}"
EndProject
Project("{FAE04EC0-301F-11D3-BF4B-00C04F79EFBC}") = "get.loan.themes", "get.loan.themes\get.loan.themes.csproj", "{EBDFE6FE-E1CA-4BC7-B629-777C0CFFEDF3}"
EndProject
Global
	GlobalSection(SolutionConfigurationPlatforms) = preSolution
		Debug|Any CPU = Debug|Any CPU
		Release|Any CPU = Release|Any CPU
	EndGlobalSection
	GlobalSection(SolutionProperties) = preSolution
		HideSolutionNode = FALSE
	EndGlobalSection
	GlobalSection(ProjectConfigurationPlatforms) = postSolution
		{D3958487-6F00-4198-B950-CB59499EB51E}.Debug|Any CPU.ActiveCfg = Debug|Any CPU
		{D3958487-6F00-4198-B950-CB59499EB51E}.Debug|Any CPU.Build.0 = Debug|Any CPU
		{D3958487-6F00-4198-B950-CB59499EB51E}.Release|Any CPU.ActiveCfg = Release|Any CPU
		{D3958487-6F00-4198-B950-CB59499EB51E}.Release|Any CPU.Build.0 = Release|Any CPU
		{2A7BD05E-97C9-462B-8005-24C63D8593FD}.Debug|Any CPU.ActiveCfg = Debug|Any CPU
		{2A7BD05E-97C9-462B-8005-24C63D8593FD}.Debug|Any CPU.Build.0 = Debug|Any CPU
		{2A7BD05E-97C9-462B-8005-24C63D8593FD}.Release|Any CPU.ActiveCfg = Release|Any CPU
		{2A7BD05E-97C9-462B-8005-24C63D8593FD}.Release|Any CPU.Build.0 = Release|Any CPU
		{14095BF2-891A-4CDB-BE13-CCAF3CF78CE5}.Debug|Any CPU.ActiveCfg = Debug|Any CPU
		{14095BF2-891A-4CDB-BE13-CCAF3CF78CE5}.Debug|Any CPU.Build.0 = Debug|Any CPU
		{14095BF2-891A-4CDB-BE13-CCAF3CF78CE5}.Release|Any CPU.ActiveCfg = Release|Any CPU
		{14095BF2-891A-4CDB-BE13-CCAF3CF78CE5}.Release|Any CPU.Build.0 = Release|Any CPU
		{7E746C1F-5E24-4B76-B83F-E71B3B5ED4F6}.Debug|Any CPU.ActiveCfg = Debug|Any CPU
		{7E746C1F-5E24-4B76-B83F-E71B3B5ED4F6}.Debug|Any CPU.Build.0 = Debug|Any CPU
		{7E746C1F-5E24-4B76-B83F-E71B3B5ED4F6}.Release|Any CPU.ActiveCfg = Release|Any CPU
		{7E746C1F-5E24-4B76-B83F-E71B3B5ED4F6}.Release|Any CPU.Build.0 = Release|Any CPU
		{B89EC00B-2B23-45E2-AF9F-D78B65157BEB}.Debug|Any CPU.ActiveCfg = Debug|Any CPU
		{B89EC00B-2B23-45E2-AF9F-D78B65157BEB}.Debug|Any CPU.Build.0 = Debug|Any CPU
		{B89EC00B-2B23-45E2-AF9F-D78B65157BEB}.Release|Any CPU.ActiveCfg = Release|Any CPU
		{B89EC00B-2B23-45E2-AF9F-D78B65157BEB}.Release|Any CPU.Build.0 = Release|Any CPU
		{EBDFE6FE-E1CA-4BC7-B629-777C0CFFEDF3}.Debug|Any CPU.ActiveCfg = Debug|Any CPU
		{EBDFE6FE-E1CA-4BC7-B629-777C0CFFEDF3}.Debug|Any CPU.Build.0 = Debug|Any CPU
		{EBDFE6FE-E1CA-4BC7-B629-777C0CFFEDF3}.Release|Any CPU.ActiveCfg = Release|Any CPU
		{EBDFE6FE-E1CA-4BC7-B629-777C0CFFEDF3}.Release|Any CPU.Build.0 = Release|Any CPU
	EndGlobalSection
EndGlobal
